<?xml version="1.0" encoding="utf-8"?>
<Project ToolsVersion="4.0" xmlns="http://schemas.microsoft.com/developer/msbuild/2003">
  <ItemGroup>
    <Filter Include="Source Files">
      <UniqueIdentifier>{4FC737F1-C7A5-4376-A066-2A32D752A2FF}</UniqueIdentifier>
      <Extensions>cpp;c;cc;cxx;c++;cppm;ixx;def;odl;idl;hpj;bat;asm;asmx</Extensions>
    </Filter>
    <Filter Include="Header Files">
      <UniqueIdentifier>{93995380-89BD-4b04-88EB-625FBE52EBFB}</UniqueIdentifier>
      <Extensions>h;hh;hpp;hxx;h++;hm;inl;inc;ipp;xsd</Extensions>
    </Filter>
    <Filter Include="Resource Files">
      <UniqueIdentifier>{67DA6AB6-F800-4c08-8B7A-83BB121AAD01}</UniqueIdentifier>
      <Extensions>rc;ico;cur;bmp;dlg;rc2;rct;bin;rgs;gif;jpg;jpeg;jpe;resx;tiff;tif;png;wav;mfcribbon-ms</Extensions>
    </Filter>
  </ItemGroup>
  <ItemGroup>
    <ClCompile Include="1725_히스토그램.cpp">
      <Filter>Source Files</Filter>
    </ClCompile>
    <ClCompile Include="2493_탑.cpp">
      <Filter>Source Files</Filter>
    </ClCompile>
    <ClCompile Include="2748_피보나치 수 2.cpp">
      <Filter>Source Files</Filter>
    </ClCompile>
    <ClCompile Include="10799_쇠막대기.cpp">
      <Filter>Source Files</Filter>
    </ClCompile>
    <ClCompile Include="10801_카드게임.cpp">
      <Filter>Source Files</Filter>
    </ClCompile>
    <ClCompile Include="10803_정사각형 만들기.cpp">
      <Filter>Source Files</Filter>
    </ClCompile>
    <ClCompile Include="21925_짝수 팰린드롬.cpp">
      <Filter>Source Files</Filter>
    </ClCompile>
    <ClCompile Include="8980_택배.cpp">
      <Filter>Source Files</Filter>
    </ClCompile>
    <ClCompile Include="9084_동전.cpp">
      <Filter>Source Files</Filter>
    </ClCompile>
    <ClCompile Include="..\..\..\..\Desktop\multiplication_of_polynomial.cpp.cpp">
      <Filter>Source Files</Filter>
    </ClCompile>
    <ClCompile Include="1067_이동.cpp">
      <Filter>Source Files</Filter>
    </ClCompile>
    <ClCompile Include="1707_이분 그래프.cpp">
      <Filter>Source Files</Filter>
    </ClCompile>
    <ClCompile Include="1806_부분합.cpp">
      <Filter>Source Files</Filter>
    </ClCompile>
    <ClCompile Include="6549_히스토그램에서 가장 큰 직사각형.cpp">
      <Filter>Source Files</Filter>
    </ClCompile>
    <ClCompile Include="10803_피보나치 수 5.cpp">
      <Filter>Source Files</Filter>
    </ClCompile>
    <ClCompile Include="10872_팩토리얼.cpp">
      <Filter>Source Files</Filter>
    </ClCompile>
    <ClCompile Include="17298_오큰수.cpp">
      <Filter>Source Files</Filter>
    </ClCompile>
    <ClCompile Include="2022는 무엇이 특별할까.cpp">
      <Filter>Source Files</Filter>
    </ClCompile>
    <ClCompile Include="1080_행렬.cpp">
      <Filter>Source Files</Filter>
    </ClCompile>
    <ClCompile Include="10823_스택.cpp">
      <Filter>Source Files</Filter>
    </ClCompile>
    <ClCompile Include="18258_큐2.cpp">
      <Filter>Source Files</Filter>
    </ClCompile>
    <ClCompile Include="1043_거짓말.cpp">
      <Filter>Source Files</Filter>
    </ClCompile>
    <ClCompile Include="1149_RGB거리.cpp">
      <Filter>Source Files</Filter>
    </ClCompile>
    <ClCompile Include="3679_단순 다각형.cpp">
      <Filter>Source Files</Filter>
    </ClCompile>
    <ClCompile Include="1708_볼록 껍질.cpp">
      <Filter>Source Files</Filter>
    </ClCompile>
    <ClCompile Include="10254_고속도로.cpp">
      <Filter>Source Files</Filter>
    </ClCompile>
    <ClCompile Include="1167_트리의 지름.cpp">
      <Filter>Source Files</Filter>
    </ClCompile>
    <ClCompile Include="1967_트리의 지름.cpp">
      <Filter>Source Files</Filter>
    </ClCompile>
    <ClCompile Include="A_내 뒤에 나와 다른 수.cpp">
      <Filter>Source Files</Filter>
    </ClCompile>
    <ClCompile Include="B_아름다운 문자열.cpp">
      <Filter>Source Files</Filter>
    </ClCompile>
    <ClCompile Include="D_전화 돌리기.cpp">
      <Filter>Source Files</Filter>
    </ClCompile>
    <ClCompile Include="1865_웜홀.cpp">
      <Filter>Source Files</Filter>
    </ClCompile>
    <ClCompile Include="1238_파티.cpp">
      <Filter>Source Files</Filter>
    </ClCompile>
    <ClCompile Include="3878_점 분리.cpp">
      <Filter>Source Files</Filter>
    </ClCompile>
    <ClCompile Include="20149_선분 교차3.cpp">
      <Filter>Source Files</Filter>
    </ClCompile>
    <ClCompile Include="17386_선분 교차1.cpp">
      <Filter>Source Files</Filter>
    </ClCompile>
  </ItemGroup>
</Project>